
Microsoft Visual Studio Solution File, Format Version 12.00
# Visual Studio Version 17
VisualStudioVersion = 17.5.33424.131
MinimumVisualStudioVersion = 10.0.40219.1
Project("{8BC9CEB8-8B4A-11D0-8D11-00A0C91BC942}") = "MS03", "MS03.vcxproj", "{7712471A-A754-4ECC-8451-60C56B8D9EEC}"
EndProject
Global
	GlobalSection(SolutionConfigurationPlatforms) = preSolution
		Debug|x64 = Debug|x64
		Debug|x86 = Debug|x86
		Release|x64 = Release|x64
		Release|x86 = Release|x86
	EndGlobalSection
	GlobalSection(ProjectConfigurationPlatforms) = postSolution
		{7712471A-A754-4ECC-8451-60C56B8D9EEC}.Debug|x64.ActiveCfg = Debug|x64
		{7712471A-A754-4ECC-8451-60C56B8D9EEC}.Debug|x64.Build.0 = Debug|x64
		{7712471A-A754-4ECC-8451-60C56B8D9EEC}.Debug|x86.ActiveCfg = Debug|Win32
		{7712471A-A754-4ECC-8451-60C56B8D9EEC}.Debug|x86.Build.0 = Debug|Win32
		{7712471A-A754-4ECC-8451-60C56B8D9EEC}.Release|x64.ActiveCfg = Release|x64
		{7712471A-A754-4ECC-8451-60C56B8D9EEC}.Release|x64.Build.0 = Release|x64
		{7712471A-A754-4ECC-8451-60C56B8D9EEC}.Release|x86.ActiveCfg = Release|Win32
		{7712471A-A754-4ECC-8451-60C56B8D9EEC}.Release|x86.Build.0 = Release|Win32
	EndGlobalSection
	GlobalSection(SolutionProperties) = preSolution
		HideSolutionNode = FALSE
	EndGlobalSection
	GlobalSection(ExtensibilityGlobals) = postSolution
		SolutionGuid = {6D21B95D-A8C1-49F7-9BC9-F46CDD2664B3}
	EndGlobalSection
EndGlobal
